memo = "ddf49648c65939ce10058b475f0389200f25ba795577f67c289c1bb6614ddd09"

[[projects]]
  name = "github.com/go-sql-driver/mysql"
  packages = ["."]
  revision = "a0583e0143b1624142adab07e0e97fe106d99561"
  version = "v1.3"

[[projects]]
  branch = "master"
  name = "github.com/mattn/go-zglob"
  packages = [".","fastwalk"]
  revision = "95345c4e1c0ebc9d16a3284177f09360f4d20fab"

[[projects]]
  branch = "master"
  name = "github.com/minodisk/caseconv"
  packages = ["."]
  revision = "19ee324b82de8fe2964199d506441926d772cda4"

[[projects]]
  branch = "master"
  name = "github.com/sergi/go-diff"
  packages = ["diffmatchpatch"]
  revision = "feef008d51ad2b3778f85d387ccf91735543008d"

[[projects]]
  branch = "master"
  name = "golang.org/x/tools"
  packages = ["go/ast/astutil","imports"]
  revision = "c853fd576988aeebd3665f6224972f1379960013"
